
Microsoft Visual Studio Solution File, Format Version 12.00
# Visual Studio Version 17
VisualStudioVersion = 17.4.33213.308
MinimumVisualStudioVersion = 10.0.40219.1
Project("{FAE04EC0-301F-11D3-BF4B-00C04F79EFBC}") = "CCTool", "CCTool.csproj", "{512C59A9-8E2C-44B6-B3B0-9EF9030679AF}"
EndProject
Global
	GlobalSection(SolutionConfigurationPlatforms) = preSolution
		Debug|Any CPU = Debug|Any CPU
		Release|Any CPU = Release|Any CPU
	EndGlobalSection
	GlobalSection(ProjectConfigurationPlatforms) = postSolution
		{512C59A9-8E2C-44B6-B3B0-9EF9030679AF}.Debug|Any CPU.ActiveCfg = Debug|Any CPU
		{512C59A9-8E2C-44B6-B3B0-9EF9030679AF}.Debug|Any CPU.Build.0 = Debug|Any CPU
		{512C59A9-8E2C-44B6-B3B0-9EF9030679AF}.Release|Any CPU.ActiveCfg = Release|Any CPU
		{512C59A9-8E2C-44B6-B3B0-9EF9030679AF}.Release|Any CPU.Build.0 = Release|Any CPU
	EndGlobalSection
	GlobalSection(SolutionProperties) = preSolution
		HideSolutionNode = FALSE
	EndGlobalSection
	GlobalSection(ExtensibilityGlobals) = postSolution
		SolutionGuid = {413169CB-ADC0-43B7-9AAB-515D55E0C43D}
	EndGlobalSection
EndGlobal
